
Microsoft Visual Studio Solution File, Format Version 12.00
# Visual Studio Version 16
VisualStudioVersion = 16.0.29519.181
MinimumVisualStudioVersion = 10.0.40219.1
Project("{FAE04EC0-301F-11D3-BF4B-00C04F79EFBC}") = "Operazioni", "Operazioni\Operazioni.csproj", "{5E172D83-BF18-42AF-9EB5-3769EC785821}"
EndProject
Project("{FAE04EC0-301F-11D3-BF4B-00C04F79EFBC}") = "OperazioniTest", "OperazioniTest\OperazioniTest.csproj", "{17EF7899-55A9-4DA1-844D-DA8D8839C550}"
EndProject
Global
	GlobalSection(SolutionConfigurationPlatforms) = preSolution
		Debug|Any CPU = Debug|Any CPU
		Release|Any CPU = Release|Any CPU
	EndGlobalSection
	GlobalSection(ProjectConfigurationPlatforms) = postSolution
		{5E172D83-BF18-42AF-9EB5-3769EC785821}.Debug|Any CPU.ActiveCfg = Debug|Any CPU
		{5E172D83-BF18-42AF-9EB5-3769EC785821}.Debug|Any CPU.Build.0 = Debug|Any CPU
		{5E172D83-BF18-42AF-9EB5-3769EC785821}.Release|Any CPU.ActiveCfg = Release|Any CPU
		{5E172D83-BF18-42AF-9EB5-3769EC785821}.Release|Any CPU.Build.0 = Release|Any CPU
		{17EF7899-55A9-4DA1-844D-DA8D8839C550}.Debug|Any CPU.ActiveCfg = Debug|Any CPU
		{17EF7899-55A9-4DA1-844D-DA8D8839C550}.Debug|Any CPU.Build.0 = Debug|Any CPU
		{17EF7899-55A9-4DA1-844D-DA8D8839C550}.Release|Any CPU.ActiveCfg = Release|Any CPU
		{17EF7899-55A9-4DA1-844D-DA8D8839C550}.Release|Any CPU.Build.0 = Release|Any CPU
	EndGlobalSection
	GlobalSection(SolutionProperties) = preSolution
		HideSolutionNode = FALSE
	EndGlobalSection
	GlobalSection(ExtensibilityGlobals) = postSolution
		SolutionGuid = {615187A1-7E6A-4D41-89E5-8AF44EBDFA18}
	EndGlobalSection
EndGlobal
